
Microsoft Visual Studio Solution File, Format Version 12.00
Project("{FAE04EC0-301F-11D3-BF4B-00C04F79EFBC}") = "apbdcw2", "apbdcw2\apbdcw2.csproj", "{3AF6F3E2-85BB-45F7-9645-3A4744DCFDBF}"
EndProject
Global
	GlobalSection(SolutionConfigurationPlatforms) = preSolution
		Debug|Any CPU = Debug|Any CPU
		Release|Any CPU = Release|Any CPU
	EndGlobalSection
	GlobalSection(ProjectConfigurationPlatforms) = postSolution
		{3AF6F3E2-85BB-45F7-9645-3A4744DCFDBF}.Debug|Any CPU.ActiveCfg = Debug|Any CPU
		{3AF6F3E2-85BB-45F7-9645-3A4744DCFDBF}.Debug|Any CPU.Build.0 = Debug|Any CPU
		{3AF6F3E2-85BB-45F7-9645-3A4744DCFDBF}.Release|Any CPU.ActiveCfg = Release|Any CPU
		{3AF6F3E2-85BB-45F7-9645-3A4744DCFDBF}.Release|Any CPU.Build.0 = Release|Any CPU
	EndGlobalSection
EndGlobal
